
Microsoft Visual Studio Solution File, Format Version 12.00
# Visual Studio 2013
VisualStudioVersion = 12.0.30723.0
MinimumVisualStudioVersion = 10.0.40219.1
Project("{FAE04EC0-301F-11D3-BF4B-00C04F79EFBC}") = "VIPManagement", "VIPManagement\VIPManagement.csproj", "{96836DCA-186B-4D5D-B79C-B2B77CC82C34}"
EndProject
Project("{FAE04EC0-301F-11D3-BF4B-00C04F79EFBC}") = "Easy", "EasyFrameWork\Easy.csproj", "{EDB1BAA7-EC61-4292-BBE5-3BC39EB171E4}"
EndProject
Project("{FAE04EC0-301F-11D3-BF4B-00C04F79EFBC}") = "VIP.Core", "VIP.Core\VIP.Core.csproj", "{67C01BDA-5C04-4A0C-BC13-4375DF0049A8}"
EndProject
Project("{FAE04EC0-301F-11D3-BF4B-00C04F79EFBC}") = "Easy.WPF", "Easy.WPF\Easy.WPF.csproj", "{9D3A1D8D-1C3D-49BF-B236-41D058158BB0}"
EndProject
Global
	GlobalSection(SolutionConfigurationPlatforms) = preSolution
		Debug|Any CPU = Debug|Any CPU
		Release|Any CPU = Release|Any CPU
	EndGlobalSection
	GlobalSection(ProjectConfigurationPlatforms) = postSolution
		{96836DCA-186B-4D5D-B79C-B2B77CC82C34}.Debug|Any CPU.ActiveCfg = Debug|Any CPU
		{96836DCA-186B-4D5D-B79C-B2B77CC82C34}.Debug|Any CPU.Build.0 = Debug|Any CPU
		{96836DCA-186B-4D5D-B79C-B2B77CC82C34}.Release|Any CPU.ActiveCfg = Release|Any CPU
		{96836DCA-186B-4D5D-B79C-B2B77CC82C34}.Release|Any CPU.Build.0 = Release|Any CPU
		{EDB1BAA7-EC61-4292-BBE5-3BC39EB171E4}.Debug|Any CPU.ActiveCfg = Debug|Any CPU
		{EDB1BAA7-EC61-4292-BBE5-3BC39EB171E4}.Debug|Any CPU.Build.0 = Debug|Any CPU
		{EDB1BAA7-EC61-4292-BBE5-3BC39EB171E4}.Release|Any CPU.ActiveCfg = Release|Any CPU
		{EDB1BAA7-EC61-4292-BBE5-3BC39EB171E4}.Release|Any CPU.Build.0 = Release|Any CPU
		{67C01BDA-5C04-4A0C-BC13-4375DF0049A8}.Debug|Any CPU.ActiveCfg = Debug|Any CPU
		{67C01BDA-5C04-4A0C-BC13-4375DF0049A8}.Debug|Any CPU.Build.0 = Debug|Any CPU
		{67C01BDA-5C04-4A0C-BC13-4375DF0049A8}.Release|Any CPU.ActiveCfg = Release|Any CPU
		{67C01BDA-5C04-4A0C-BC13-4375DF0049A8}.Release|Any CPU.Build.0 = Release|Any CPU
		{9D3A1D8D-1C3D-49BF-B236-41D058158BB0}.Debug|Any CPU.ActiveCfg = Debug|Any CPU
		{9D3A1D8D-1C3D-49BF-B236-41D058158BB0}.Debug|Any CPU.Build.0 = Debug|Any CPU
		{9D3A1D8D-1C3D-49BF-B236-41D058158BB0}.Release|Any CPU.ActiveCfg = Release|Any CPU
		{9D3A1D8D-1C3D-49BF-B236-41D058158BB0}.Release|Any CPU.Build.0 = Release|Any CPU
	EndGlobalSection
	GlobalSection(SolutionProperties) = preSolution
		HideSolutionNode = FALSE
	EndGlobalSection
EndGlobal
